Microsoft Visual Studio Solution File, Format Version 11.00
# Visual Studio 2008

Project("{87CA73DD-9336-2689-3AAD-7D91FACDD2DF}") = "Demonology - Copy", "Assembly-CSharp.csproj", "{D727E44B-9A5B-5205-9C04-8A073CB3D301}"
EndProject
Global
	GlobalSection(SolutionConfigurationPlatforms) = preSolution
		Debug|Any CPU = Debug|Any CPU
		Release|Any CPU = Release|Any CPU
	EndGlobalSection
	GlobalSection(ProjectConfigurationPlatforms) = postSolution
		{D727E44B-9A5B-5205-9C04-8A073CB3D301}.Debug|Any CPU.ActiveCfg = Debug|Any CPU
		{D727E44B-9A5B-5205-9C04-8A073CB3D301}.Debug|Any CPU.Build.0 = Debug|Any CPU
		{D727E44B-9A5B-5205-9C04-8A073CB3D301}.Release|Any CPU.ActiveCfg = Release|Any CPU
		{D727E44B-9A5B-5205-9C04-8A073CB3D301}.Release|Any CPU.Build.0 = Release|Any CPU
	EndGlobalSection
	GlobalSection(SolutionProperties) = preSolution
		HideSolutionNode = FALSE
	EndGlobalSection
	GlobalSection(MonoDevelopProperties) = preSolution
		StartupItem = Assembly-CSharp.csproj
	EndGlobalSection
EndGlobal
