Microsoft Visual Studio Solution File, Format Version 11.00
# Visual Studio 2008

Project("{1F7743F7-6B72-580A-F845-C39D64896566}") = "Demonology", "Assembly-CSharp.csproj", "{2C400644-C1A8-2A76-E4D6-6B3E27053BEB}"
EndProject
Global
	GlobalSection(SolutionConfigurationPlatforms) = preSolution
		Debug|Any CPU = Debug|Any CPU
		Release|Any CPU = Release|Any CPU
	EndGlobalSection
	GlobalSection(ProjectConfigurationPlatforms) = postSolution
		{2C400644-C1A8-2A76-E4D6-6B3E27053BEB}.Debug|Any CPU.ActiveCfg = Debug|Any CPU
		{2C400644-C1A8-2A76-E4D6-6B3E27053BEB}.Debug|Any CPU.Build.0 = Debug|Any CPU
		{2C400644-C1A8-2A76-E4D6-6B3E27053BEB}.Release|Any CPU.ActiveCfg = Release|Any CPU
		{2C400644-C1A8-2A76-E4D6-6B3E27053BEB}.Release|Any CPU.Build.0 = Release|Any CPU
	EndGlobalSection
	GlobalSection(SolutionProperties) = preSolution
		HideSolutionNode = FALSE
	EndGlobalSection
	GlobalSection(MonoDevelopProperties) = preSolution
		StartupItem = Assembly-CSharp.csproj
	EndGlobalSection
EndGlobal
